// !$*UTF8*$!
{
	archiveVersion = 1;
	classes = {
	};
	objectVersion = 77;
	objects = {

/* Begin PBXBuildFile section */
		E992CC742D11C61900C387C0 /* Preview Assets.xcassets in Resources */ = {isa = PBXBuildFile; fileRef = E992CC6E2D11C61900C387C0 /* Preview Assets.xcassets */; };
		E992CC752D11C61900C387C0 /* Assets.xcassets in Resources */ = {isa = PBXBuildFile; fileRef = E992CC702D11C61900C387C0 /* Assets.xcassets */; };
		E992CC772D11C61900C387C0 /* HobbyCardsApp.swift in Sources */ = {isa = PBXBuildFile; fileRef = E992CC722D11C61900C387C0 /* HobbyCardsApp.swift */; };
		E992CC7B2D11C67E00C387C0 /* XShape.swift in Sources */ = {isa = PBXBuildFile; fileRef = E992CC7A2D11C67E00C387C0 /* XShape.swift */; };
		E992CC7D2D11C77600C387C0 /* PlayerTabView.swift in Sources */ = {isa = PBXBuildFile; fileRef = E992CC7C2D11C77600C387C0 /* PlayerTabView.swift */; };
		E992CC7F2D11C78600C387C0 /* PlayerCardView.swift in Sources */ = {isa = PBXBuildFile; fileRef = E992CC7E2D11C78600C387C0 /* PlayerCardView.swift */; };
		E992CC822D11C81E00C387C0 /* Player.swift in Sources */ = {isa = PBXBuildFile; fileRef = E992CC812D11C81E00C387C0 /* Player.swift */; };
		E992CC842D13395F00C387C0 /* PodiumShape.swift in Sources */ = {isa = PBXBuildFile; fileRef = E992CC832D13395F00C387C0 /* PodiumShape.swift */; };
/* End PBXBuildFile section */

/* Begin PBXFileReference section */
		E992CC5D2D11C61000C387C0 /* HobbyCards.app */ = {isa = PBXFileReference; explicitFileType = wrapper.application; includeInIndex = 0; path = HobbyCards.app; sourceTree = BUILT_PRODUCTS_DIR; };
		E992CC6E2D11C61900C387C0 /* Preview Assets.xcassets */ = {isa = PBXFileReference; lastKnownFileType = folder.assetcatalog; path = "Preview Assets.xcassets"; sourceTree = "<group>"; };
		E992CC702D11C61900C387C0 /* Assets.xcassets */ = {isa = PBXFileReference; lastKnownFileType = folder.assetcatalog; path = Assets.xcassets; sourceTree = "<group>"; };
		E992CC722D11C61900C387C0 /* HobbyCardsApp.swift */ = {isa = PBXFileReference; lastKnownFileType = sourcecode.swift; path = HobbyCardsApp.swift; sourceTree = "<group>"; };
		E992CC7A2D11C67E00C387C0 /* XShape.swift */ = {isa = PBXFileReference; lastKnownFileType = sourcecode.swift; path = XShape.swift; sourceTree = "<group>"; };
		E992CC7C2D11C77600C387C0 /* PlayerTabView.swift */ = {isa = PBXFileReference; lastKnownFileType = sourcecode.swift; path = PlayerTabView.swift; sourceTree = "<group>"; };
		E992CC7E2D11C78600C387C0 /* PlayerCardView.swift */ = {isa = PBXFileReference; lastKnownFileType = sourcecode.swift; path = PlayerCardView.swift; sourceTree = "<group>"; };
		E992CC812D11C81E00C387C0 /* Player.swift */ = {isa = PBXFileReference; lastKnownFileType = sourcecode.swift; path = Player.swift; sourceTree = "<group>"; };
		E992CC832D13395F00C387C0 /* PodiumShape.swift */ = {isa = PBXFileReference; lastKnownFileType = sourcecode.swift; path = PodiumShape.swift; sourceTree = "<group>"; };
/* End PBXFileReference section */

/* Begin PBXFrameworksBuildPhase section */
		E992CC5A2D11C61000C387C0 /* Frameworks */ = {
			isa = PBXFrameworksBuildPhase;
			buildActionMask = 2147483647;
			files = (
			);
			runOnlyForDeploymentPostprocessing = 0;
		};
/* End PBXFrameworksBuildPhase section */

/* Begin PBXGroup section */
		E992CC542D11C61000C387C0 = {
			isa = PBXGroup;
			children = (
				E992CC732D11C61900C387C0 /* HobbyCards */,
				E992CC5E2D11C61000C387C0 /* Products */,
			);
			sourceTree = "<group>";
		};
		E992CC5E2D11C61000C387C0 /* Products */ = {
			isa = PBXGroup;
			children = (
				E992CC5D2D11C61000C387C0 /* HobbyCards.app */,
			);
			name = Products;
			sourceTree = "<group>";
		};
		E992CC6F2D11C61900C387C0 /* Preview Content */ = {
			isa = PBXGroup;
			children = (
				E992CC6E2D11C61900C387C0 /* Preview Assets.xcassets */,
			);
			path = "Preview Content";
			sourceTree = "<group>";
		};
		E992CC732D11C61900C387C0 /* HobbyCards */ = {
			isa = PBXGroup;
			children = (
				E992CC722D11C61900C387C0 /* HobbyCardsApp.swift */,
				E992CC792D11C62F00C387C0 /* Shape */,
				E992CC802D11C80700C387C0 /* Model */,
				E992CC782D11C62400C387C0 /* Views */,
				E992CC6F2D11C61900C387C0 /* Preview Content */,
				E992CC702D11C61900C387C0 /* Assets.xcassets */,
			);
			path = HobbyCards;
			sourceTree = "<group>";
		};
		E992CC782D11C62400C387C0 /* Views */ = {
			isa = PBXGroup;
			children = (
				E992CC7C2D11C77600C387C0 /* PlayerTabView.swift */,
				E992CC7E2D11C78600C387C0 /* PlayerCardView.swift */,
			);
			path = Views;
			sourceTree = "<group>";
		};
		E992CC792D11C62F00C387C0 /* Shape */ = {
			isa = PBXGroup;
			children = (
				E992CC7A2D11C67E00C387C0 /* XShape.swift */,
				E992CC832D13395F00C387C0 /* PodiumShape.swift */,
			);
			path = Shape;
			sourceTree = "<group>";
		};
		E992CC802D11C80700C387C0 /* Model */ = {
			isa = PBXGroup;
			children = (
				E992CC812D11C81E00C387C0 /* Player.swift */,
			);
			path = Model;
			sourceTree = "<group>";
		};
/* End PBXGroup section */

/* Begin PBXNativeTarget section */
		E992CC5C2D11C61000C387C0 /* HobbyCards */ = {
			isa = PBXNativeTarget;
			buildConfigurationList = E992CC6B2D11C61300C387C0 /* Build configuration list for PBXNativeTarget "HobbyCards" */;
			buildPhases = (
				E992CC592D11C61000C387C0 /* Sources */,
				E992CC5A2D11C61000C387C0 /* Frameworks */,
				E992CC5B2D11C61000C387C0 /* Resources */,
			);
			buildRules = (
			);
			dependencies = (
			);
			name = HobbyCards;
			packageProductDependencies = (
			);
			productName = HobbyCards;
			productReference = E992CC5D2D11C61000C387C0 /* HobbyCards.app */;
			productType = "com.apple.product-type.application";
		};
/* End PBXNativeTarget section */

/* Begin PBXProject section */
		E992CC552D11C61000C387C0 /* Project object */ = {
			isa = PBXProject;
			attributes = {
				BuildIndependentTargetsInParallel = 1;
				LastSwiftUpdateCheck = 1600;
				LastUpgradeCheck = 1600;
				TargetAttributes = {
					E992CC5C2D11C61000C387C0 = {
						CreatedOnToolsVersion = 16.0;
					};
				};
			};
			buildConfigurationList = E992CC582D11C61000C387C0 /* Build configuration list for PBXProject "HobbyCards" */;
			developmentRegion = en;
			hasScannedForEncodings = 0;
			knownRegions = (
				en,
				Base,
			);
			mainGroup = E992CC542D11C61000C387C0;
			minimizedProjectReferenceProxies = 1;
			preferredProjectObjectVersion = 77;
			productRefGroup = E992CC5E2D11C61000C387C0 /* Products */;
			projectDirPath = "";
			projectRoot = "";
			targets = (
				E992CC5C2D11C61000C387C0 /* HobbyCards */,
			);
		};
/* End PBXProject section */

/* Begin PBXResourcesBuildPhase section */
		E992CC5B2D11C61000C387C0 /* Resources */ = {
			isa = PBXResourcesBuildPhase;
			buildActionMask = 2147483647;
			files = (
				E992CC742D11C61900C387C0 /* Preview Assets.xcassets in Resources */,
				E992CC752D11C61900C387C0 /* Assets.xcassets in Resources */,
			);
			runOnlyForDeploymentPostprocessing = 0;
		};
/* End PBXResourcesBuildPhase section */

/* Begin PBXSourcesBuildPhase section */
		E992CC592D11C61000C387C0 /* Sources */ = {
			isa = PBXSourcesBuildPhase;
			buildActionMask = 2147483647;
			files = (
				E992CC7D2D11C77600C387C0 /* PlayerTabView.swift in Sources */,
				E992CC7B2D11C67E00C387C0 /* XShape.swift in Sources */,
				E992CC772D11C61900C387C0 /* HobbyCardsApp.swift in Sources */,
				E992CC822D11C81E00C387C0 /* Player.swift in Sources */,
				E992CC7F2D11C78600C387C0 /* PlayerCardView.swift in Sources */,
				E992CC842D13395F00C387C0 /* PodiumShape.swift in Sources */,
			);
			runOnlyForDeploymentPostprocessing = 0;
		};
/* End PBXSourcesBuildPhase section */

/* Begin XCBuildConfiguration section */
		E992CC692D11C61300C387C0 /* Debug */ = {
			isa = XCBuildConfiguration;
			buildSettings = {
				ALWAYS_SEARCH_USER_PATHS = NO;
				ASSETCATALOG_COMPILER_GENERATE_SWIFT_ASSET_SYMBOL_EXTENSIONS = YES;
				CLANG_ANALYZER_NONNULL = YES;
				CLANG_ANALYZER_NUMBER_OBJECT_CONVERSION = YES_AGGRESSIVE;
				CLANG_CXX_LANGUAGE_STANDARD = "gnu++20";
				CLANG_ENABLE_MODULES = YES;
				CLANG_ENABLE_OBJC_ARC = YES;
				CLANG_ENABLE_OBJC_WEAK = YES;
				CLANG_WARN_BLOCK_CAPTURE_AUTORELEASING = YES;
				CLANG_WARN_BOOL_CONVERSION = YES;
				CLANG_WARN_COMMA = YES;
				CLANG_WARN_CONSTANT_CONVERSION = YES;
				CLANG_WARN_DEPRECATED_OBJC_IMPLEMENTATIONS = YES;
				CLANG_WARN_DIRECT_OBJC_ISA_USAGE = YES_ERROR;
				CLANG_WARN_DOCUMENTATION_COMMENTS = YES;
				CLANG_WARN_EMPTY_BODY = YES;
				CLANG_WARN_ENUM_CONVERSION = YES;
				CLANG_WARN_INFINITE_RECURSION = YES;
				CLANG_WARN_INT_CONVERSION = YES;
				CLANG_WARN_NON_LITERAL_NULL_CONVERSION = YES;
				CLANG_WARN_OBJC_IMPLICIT_RETAIN_SELF = YES;
				CLANG_WARN_OBJC_LITERAL_CONVERSION = YES;
				CLANG_WARN_OBJC_ROOT_CLASS = YES_ERROR;
				CLANG_WARN_QUOTED_INCLUDE_IN_FRAMEWORK_HEADER = YES;
				CLANG_WARN_RANGE_LOOP_ANALYSIS = YES;
				CLANG_WARN_STRICT_PROTOTYPES = YES;
				CLANG_WARN_SUSPICIOUS_MOVE = YES;
				CLANG_WARN_UNGUARDED_AVAILABILITY = YES_AGGRESSIVE;
				CLANG_WARN_UNREACHABLE_CODE = YES;
				CLANG_WARN__DUPLICATE_METHOD_MATCH = YES;
				COPY_PHASE_STRIP = NO;
				DEBUG_INFORMATION_FORMAT = dwarf;
				ENABLE_STRICT_OBJC_MSGSEND = YES;
				ENABLE_TESTABILITY = YES;
				ENABLE_USER_SCRIPT_SANDBOXING = YES;
				GCC_C_LANGUAGE_STANDARD = gnu17;
				GCC_DYNAMIC_NO_PIC = NO;
				GCC_NO_COMMON_BLOCKS = YES;
				GCC_OPTIMIZATION_LEVEL = 0;
				GCC_PREPROCESSOR_DEFINITIONS = (
					"DEBUG=1",
					"$(inherited)",
				);
				GCC_WARN_64_TO_32_BIT_CONVERSION = YES;
				GCC_WARN_ABOUT_RETURN_TYPE = YES_ERROR;
				GCC_WARN_UNDECLARED_SELECTOR = YES;
				GCC_WARN_UNINITIALIZED_AUTOS = YES_AGGRESSIVE;
				GCC_WARN_UNUSED_FUNCTION = YES;
				GCC_WARN_UNUSED_VARIABLE = YES;
				IPHONEOS_DEPLOYMENT_TARGET = 18.0;
				LOCALIZATION_PREFERS_STRING_CATALOGS = YES;
				MTL_ENABLE_DEBUG_INFO = INCLUDE_SOURCE;
				MTL_FAST_MATH = YES;
				ONLY_ACTIVE_ARCH = YES;
				SDKROOT = iphoneos;
				SWIFT_ACTIVE_COMPILATION_CONDITIONS = "DEBUG $(inherited)";
				SWIFT_OPTIMIZATION_LEVEL = "-Onone";
			};
			name = Debug;
		};
		E992CC6A2D11C61300C387C0 /* Release */ = {
			isa = XCBuildConfiguration;
			buildSettings = {
				ALWAYS_SEARCH_USER_PATHS = NO;
				ASSETCATALOG_COMPILER_GENERATE_SWIFT_ASSET_SYMBOL_EXTENSIONS = YES;
				CLANG_ANALYZER_NONNULL = YES;
				CLANG_ANALYZER_NUMBER_OBJECT_CONVERSION = YES_AGGRESSIVE;
				CLANG_CXX_LANGUAGE_STANDARD = "gnu++20";
				CLANG_ENABLE_MODULES = YES;
				CLANG_ENABLE_OBJC_ARC = YES;
				CLANG_ENABLE_OBJC_WEAK = YES;
				CLANG_WARN_BLOCK_CAPTURE_AUTORELEASING = YES;
				CLANG_WARN_BOOL_CONVERSION = YES;
				CLANG_WARN_COMMA = YES;
				CLANG_WARN_CONSTANT_CONVERSION = YES;
				CLANG_WARN_DEPRECATED_OBJC_IMPLEMENTATIONS = YES;
				CLANG_WARN_DIRECT_OBJC_ISA_USAGE = YES_ERROR;
				CLANG_WARN_DOCUMENTATION_COMMENTS = YES;
				CLANG_WARN_EMPTY_BODY = YES;
				CLANG_WARN_ENUM_CONVERSION = YES;
				CLANG_WARN_INFINITE_RECURSION = YES;
				CLANG_WARN_INT_CONVERSION = YES;
				CLANG_WARN_NON_LITERAL_NULL_CONVERSION = YES;
				CLANG_WARN_OBJC_IMPLICIT_RETAIN_SELF = YES;
				CLANG_WARN_OBJC_LITERAL_CONVERSION = YES;
				CLANG_WARN_OBJC_ROOT_CLASS = YES_ERROR;
				CLANG_WARN_QUOTED_INCLUDE_IN_FRAMEWORK_HEADER = YES;
				CLANG_WARN_RANGE_LOOP_ANALYSIS = YES;
				CLANG_WARN_STRICT_PROTOTYPES = YES;
				CLANG_WARN_SUSPICIOUS_MOVE = YES;
				CLANG_WARN_UNGUARDED_AVAILABILITY = YES_AGGRESSIVE;
				CLANG_WARN_UNREACHABLE_CODE = YES;
				CLANG_WARN__DUPLICATE_METHOD_MATCH = YES;
				COPY_PHASE_STRIP = NO;
				DEBUG_INFORMATION_FORMAT = "dwarf-with-dsym";
				ENABLE_NS_ASSERTIONS = NO;
				ENABLE_STRICT_OBJC_MSGSEND = YES;
				ENABLE_USER_SCRIPT_SANDBOXING = YES;
				GCC_C_LANGUAGE_STANDARD = gnu17;
				GCC_NO_COMMON_BLOCKS = YES;
				GCC_WARN_64_TO_32_BIT_CONVERSION = YES;
				GCC_WARN_ABOUT_RETURN_TYPE = YES_ERROR;
				GCC_WARN_UNDECLARED_SELECTOR = YES;
				GCC_WARN_UNINITIALIZED_AUTOS = YES_AGGRESSIVE;
				GCC_WARN_UNUSED_FUNCTION = YES;
				GCC_WARN_UNUSED_VARIABLE = YES;
				IPHONEOS_DEPLOYMENT_TARGET = 18.0;
				LOCALIZATION_PREFERS_STRING_CATALOGS = YES;
				MTL_ENABLE_DEBUG_INFO = NO;
				MTL_FAST_MATH = YES;
				SDKROOT = iphoneos;
				SWIFT_COMPILATION_MODE = wholemodule;
				VALIDATE_PRODUCT = YES;
			};
			name = Release;
		};
		E992CC6C2D11C61300C387C0 /* Debug */ = {
			isa = XCBuildConfiguration;
			buildSettings = {
				ASSETCATALOG_COMPILER_APPICON_NAME = AppIcon;
				ASSETCATALOG_COMPILER_GLOBAL_ACCENT_COLOR_NAME = AccentColor;
				CODE_SIGN_STYLE = Automatic;
				CURRENT_PROJECT_VERSION = 1;
				DEVELOPMENT_ASSET_PATHS = "\"HobbyCards/Preview Content\"";
				DEVELOPMENT_TEAM = 4UG443984D;
				ENABLE_PREVIEWS = YES;
				GENERATE_INFOPLIST_FILE = YES;
				INFOPLIST_KEY_UIApplicationSceneManifest_Generation = YES;
				INFOPLIST_KEY_UIApplicationSupportsIndirectInputEvents = YES;
				INFOPLIST_KEY_UILaunchScreen_Generation = YES;
				INFOPLIST_KEY_UISupportedInterfaceOrientations_iPad = "UIInterfaceOrientationPortrait UIInterfaceOrientationPortraitUpsideDown UIInterfaceOrientationLandscapeLeft UIInterfaceOrientationLandscapeRight";
				INFOPLIST_KEY_UISupportedInterfaceOrientations_iPhone = "UIInterfaceOrientationPortrait UIInterfaceOrientationLandscapeLeft UIInterfaceOrientationLandscapeRight";
				LD_RUNPATH_SEARCH_PATHS = (
					"$(inherited)",
					"@executable_path/Frameworks",
				);
				MARKETING_VERSION = 1.0;
				PRODUCT_BUNDLE_IDENTIFIER = ca.thomasnoone.HobbyCards;
				PRODUCT_NAME = "$(TARGET_NAME)";
				SWIFT_EMIT_LOC_STRINGS = YES;
				SWIFT_VERSION = 5.0;
				TARGETED_DEVICE_FAMILY = "1,2";
			};
			name = Debug;
		};
		E992CC6D2D11C61300C387C0 /* Release */ = {
			isa = XCBuildConfiguration;
			buildSettings = {
				ASSETCATALOG_COMPILER_APPICON_NAME = AppIcon;
				ASSETCATALOG_COMPILER_GLOBAL_ACCENT_COLOR_NAME = AccentColor;
				CODE_SIGN_STYLE = Automatic;
				CURRENT_PROJECT_VERSION = 1;
				DEVELOPMENT_ASSET_PATHS = "\"HobbyCards/Preview Content\"";
				DEVELOPMENT_TEAM = 4UG443984D;
				ENABLE_PREVIEWS = YES;
				GENERATE_INFOPLIST_FILE = YES;
				INFOPLIST_KEY_UIApplicationSceneManifest_Generation = YES;
				INFOPLIST_KEY_UIApplicationSupportsIndirectInputEvents = YES;
				INFOPLIST_KEY_UILaunchScreen_Generation = YES;
				INFOPLIST_KEY_UISupportedInterfaceOrientations_iPad = "UIInterfaceOrientationPortrait UIInterfaceOrientationPortraitUpsideDown UIInterfaceOrientationLandscapeLeft UIInterfaceOrientationLandscapeRight";
				INFOPLIST_KEY_UISupportedInterfaceOrientations_iPhone = "UIInterfaceOrientationPortrait UIInterfaceOrientationLandscapeLeft UIInterfaceOrientationLandscapeRight";
				LD_RUNPATH_SEARCH_PATHS = (
					"$(inherited)",
					"@executable_path/Frameworks",
				);
				MARKETING_VERSION = 1.0;
				PRODUCT_BUNDLE_IDENTIFIER = ca.thomasnoone.HobbyCards;
				PRODUCT_NAME = "$(TARGET_NAME)";
				SWIFT_EMIT_LOC_STRINGS = YES;
				SWIFT_VERSION = 5.0;
				TARGETED_DEVICE_FAMILY = "1,2";
			};
			name = Release;
		};
/* End XCBuildConfiguration section */

/* Begin XCConfigurationList section */
		E992CC582D11C61000C387C0 /* Build configuration list for PBXProject "HobbyCards" */ = {
			isa = XCConfigurationList;
			buildConfigurations = (
				E992CC692D11C61300C387C0 /* Debug */,
				E992CC6A2D11C61300C387C0 /* Release */,
			);
			defaultConfigurationIsVisible = 0;
			defaultConfigurationName = Release;
		};
		E992CC6B2D11C61300C387C0 /* Build configuration list for PBXNativeTarget "HobbyCards" */ = {
			isa = XCConfigurationList;
			buildConfigurations = (
				E992CC6C2D11C61300C387C0 /* Debug */,
				E992CC6D2D11C61300C387C0 /* Release */,
			);
			defaultConfigurationIsVisible = 0;
			defaultConfigurationName = Release;
		};
/* End XCConfigurationList section */
	};
	rootObject = E992CC552D11C61000C387C0 /* Project object */;
}
